Microsoft Visual Studio Solution File, Format Version 12.00
# Visual Studio Version 16
VisualStudioVersion = 16.0.29613.14
MinimumVisualStudioVersion = 10.0.40219.1
Project("{9A19103F-16F7-4668-BE54-9A1E7A4F7556}") = "SharpAudio", "SharpAudio\SharpAudio.csproj", "{AD19351A-0D24-444D-BD1D-6E341751AD37}"
EndProject
Project("{9A19103F-16F7-4668-BE54-9A1E7A4F7556}") = "SharpAudio.Codec", "SharpAudio.Codec\SharpAudio.Codec.csproj", "{5986D531-84E3-4AD2-9401-6DAAC0B99A72}"
EndProject
Project("{9A19103F-16F7-4668-BE54-9A1E7A4F7556}") = "SharpAudio.ALBinding", "SharpAudio.ALBinding\SharpAudio.ALBinding.csproj", "{F81E95D5-F38D-4CC9-B7D3-749273EF3F2C}"
EndProject
Global
	GlobalSection(SolutionConfigurationPlatforms) = preSolution
		Debug|Any CPU = Debug|Any CPU
		Release|Any CPU = Release|Any CPU
	EndGlobalSection
	GlobalSection(ProjectConfigurationPlatforms) = postSolution
		{AD19351A-0D24-444D-BD1D-6E341751AD37}.Debug|Any CPU.ActiveCfg = Debug|Any CPU
		{AD19351A-0D24-444D-BD1D-6E341751AD37}.Debug|Any CPU.Build.0 = Debug|Any CPU
		{AD19351A-0D24-444D-BD1D-6E341751AD37}.Release|Any CPU.ActiveCfg = Release|Any CPU
		{AD19351A-0D24-444D-BD1D-6E341751AD37}.Release|Any CPU.Build.0 = Release|Any CPU
		{6A27A222-8623-47E6-AF82-8A9FFB65B04C}.Debug|Any CPU.ActiveCfg = Debug|Any CPU
		{6A27A222-8623-47E6-AF82-8A9FFB65B04C}.Debug|Any CPU.Build.0 = Debug|Any CPU
		{6A27A222-8623-47E6-AF82-8A9FFB65B04C}.Release|Any CPU.ActiveCfg = Release|Any CPU
		{6A27A222-8623-47E6-AF82-8A9FFB65B04C}.Release|Any CPU.Build.0 = Release|Any CPU
		{5986D531-84E3-4AD2-9401-6DAAC0B99A72}.Debug|Any CPU.ActiveCfg = Debug|Any CPU
		{5986D531-84E3-4AD2-9401-6DAAC0B99A72}.Debug|Any CPU.Build.0 = Debug|Any CPU
		{5986D531-84E3-4AD2-9401-6DAAC0B99A72}.Release|Any CPU.ActiveCfg = Release|Any CPU
		{5986D531-84E3-4AD2-9401-6DAAC0B99A72}.Release|Any CPU.Build.0 = Release|Any CPU
		{47471B24-824D-4F9F-8544-4628B9754232}.Debug|Any CPU.ActiveCfg = Debug|Any CPU
		{47471B24-824D-4F9F-8544-4628B9754232}.Debug|Any CPU.Build.0 = Debug|Any CPU
		{47471B24-824D-4F9F-8544-4628B9754232}.Release|Any CPU.ActiveCfg = Release|Any CPU
		{47471B24-824D-4F9F-8544-4628B9754232}.Release|Any CPU.Build.0 = Release|Any CPU
		{F81E95D5-F38D-4CC9-B7D3-749273EF3F2C}.Debug|Any CPU.ActiveCfg = Debug|Any CPU
		{F81E95D5-F38D-4CC9-B7D3-749273EF3F2C}.Debug|Any CPU.Build.0 = Debug|Any CPU
		{F81E95D5-F38D-4CC9-B7D3-749273EF3F2C}.Release|Any CPU.ActiveCfg = Release|Any CPU
		{F81E95D5-F38D-4CC9-B7D3-749273EF3F2C}.Release|Any CPU.Build.0 = Release|Any CPU
	EndGlobalSection
	GlobalSection(SolutionProperties) = preSolution
		HideSolutionNode = FALSE
	EndGlobalSection
	GlobalSection(ExtensibilityGlobals) = postSolution
		SolutionGuid = {3254DC25-60F6-4C25-8412-58BC0E2CA85A}
	EndGlobalSection
EndGlobal
