
Microsoft Visual Studio Solution File, Format Version 11.00
# Visual Studio 2010
Project("{8BC9CEB8-8B4A-11D0-8D11-00A0C91BC942}") = "genesis-next-msvc-2010-360", "msvc-2010-360\msvc-2010-360.vcxproj", "{00CE82EC-E948-4BB6-B726-23BF1571B05A}"
EndProject
Global
	GlobalSection(SolutionConfigurationPlatforms) = preSolution
		CodeAnalysis|Xbox 360 = CodeAnalysis|Xbox 360
		Debug|Xbox 360 = Debug|Xbox 360
		Profile_FastCap|Xbox 360 = Profile_FastCap|Xbox 360
		Profile|Xbox 360 = Profile|Xbox 360
		Release_LTCG|Xbox 360 = Release_LTCG|Xbox 360
		Release|Xbox 360 = Release|Xbox 360
	EndGlobalSection
	GlobalSection(ProjectConfigurationPlatforms) = postSolution
		{00CE82EC-E948-4BB6-B726-23BF1571B05A}.CodeAnalysis|Xbox 360.ActiveCfg = CodeAnalysis|Xbox 360
		{00CE82EC-E948-4BB6-B726-23BF1571B05A}.CodeAnalysis|Xbox 360.Build.0 = CodeAnalysis|Xbox 360
		{00CE82EC-E948-4BB6-B726-23BF1571B05A}.CodeAnalysis|Xbox 360.Deploy.0 = CodeAnalysis|Xbox 360
		{00CE82EC-E948-4BB6-B726-23BF1571B05A}.Debug|Xbox 360.ActiveCfg = Debug|Xbox 360
		{00CE82EC-E948-4BB6-B726-23BF1571B05A}.Debug|Xbox 360.Build.0 = Debug|Xbox 360
		{00CE82EC-E948-4BB6-B726-23BF1571B05A}.Debug|Xbox 360.Deploy.0 = Debug|Xbox 360
		{00CE82EC-E948-4BB6-B726-23BF1571B05A}.Profile_FastCap|Xbox 360.ActiveCfg = Profile_FastCap|Xbox 360
		{00CE82EC-E948-4BB6-B726-23BF1571B05A}.Profile_FastCap|Xbox 360.Build.0 = Profile_FastCap|Xbox 360
		{00CE82EC-E948-4BB6-B726-23BF1571B05A}.Profile_FastCap|Xbox 360.Deploy.0 = Profile_FastCap|Xbox 360
		{00CE82EC-E948-4BB6-B726-23BF1571B05A}.Profile|Xbox 360.ActiveCfg = Profile|Xbox 360
		{00CE82EC-E948-4BB6-B726-23BF1571B05A}.Profile|Xbox 360.Build.0 = Profile|Xbox 360
		{00CE82EC-E948-4BB6-B726-23BF1571B05A}.Profile|Xbox 360.Deploy.0 = Profile|Xbox 360
		{00CE82EC-E948-4BB6-B726-23BF1571B05A}.Release_LTCG|Xbox 360.ActiveCfg = Release_LTCG|Xbox 360
		{00CE82EC-E948-4BB6-B726-23BF1571B05A}.Release_LTCG|Xbox 360.Build.0 = Release_LTCG|Xbox 360
		{00CE82EC-E948-4BB6-B726-23BF1571B05A}.Release_LTCG|Xbox 360.Deploy.0 = Release_LTCG|Xbox 360
		{00CE82EC-E948-4BB6-B726-23BF1571B05A}.Release|Xbox 360.ActiveCfg = Release|Xbox 360
		{00CE82EC-E948-4BB6-B726-23BF1571B05A}.Release|Xbox 360.Build.0 = Release|Xbox 360
		{00CE82EC-E948-4BB6-B726-23BF1571B05A}.Release|Xbox 360.Deploy.0 = Release|Xbox 360
	EndGlobalSection
	GlobalSection(SolutionProperties) = preSolution
		HideSolutionNode = FALSE
	EndGlobalSection
EndGlobal
