Microsoft Visual Studio Solution File, Format Version 8.00
Project("{8BC9CEB8-8B4A-11D0-8D11-00A0C91BC942}") = "msvc-2003-xbox1", "msvc-2003-xbox1/msvc-2003-xbox1.vcproj", "{C0C3EF9B-2D9B-44D1-A83F-3617D8BA3421}"
	ProjectSection(ProjectDependencies) = postProject
	EndProjectSection
EndProject
Global
	GlobalSection(SolutionConfiguration) = preSolution
		Debug = Debug
		Profile = Profile
		Profile_FastCap = Profile_FastCap
		Release = Release
		Release_LTCG = Release_LTCG
	EndGlobalSection
	GlobalSection(ProjectConfiguration) = postSolution
		{C0C3EF9B-2D9B-44D1-A83F-3617D8BA3421}.Debug.ActiveCfg = Debug|Xbox
		{C0C3EF9B-2D9B-44D1-A83F-3617D8BA3421}.Debug.Build.0 = Debug|Xbox
		{C0C3EF9B-2D9B-44D1-A83F-3617D8BA3421}.Profile.ActiveCfg = Profile|Xbox
		{C0C3EF9B-2D9B-44D1-A83F-3617D8BA3421}.Profile.Build.0 = Profile|Xbox
		{C0C3EF9B-2D9B-44D1-A83F-3617D8BA3421}.Profile_FastCap.ActiveCfg = Profile_FastCap|Xbox
		{C0C3EF9B-2D9B-44D1-A83F-3617D8BA3421}.Profile_FastCap.Build.0 = Profile_FastCap|Xbox
		{C0C3EF9B-2D9B-44D1-A83F-3617D8BA3421}.Release.ActiveCfg = Release|Xbox
		{C0C3EF9B-2D9B-44D1-A83F-3617D8BA3421}.Release.Build.0 = Release|Xbox
		{C0C3EF9B-2D9B-44D1-A83F-3617D8BA3421}.Release_LTCG.ActiveCfg = Release_LTCG|Xbox
		{C0C3EF9B-2D9B-44D1-A83F-3617D8BA3421}.Release_LTCG.Build.0 = Release_LTCG|Xbox
	EndGlobalSection
	GlobalSection(ExtensibilityGlobals) = postSolution
	EndGlobalSection
	GlobalSection(ExtensibilityAddIns) = postSolution
	EndGlobalSection
EndGlobal
