<?xml version="1.0" encoding="utf-8"?>
<Project ToolsVersion="4.0" xmlns="http://schemas.microsoft.com/developer/msbuild/2003">
  <ItemGroup>
    <Filter Include="mednafen">
      <UniqueIdentifier>{c20fc4d5-2fca-4369-9c4a-1ffc5c39d727}</UniqueIdentifier>
    </Filter>
    <Filter Include="msvc">
      <UniqueIdentifier>{b824f85d-e3a2-4d07-985c-72b336711b79}</UniqueIdentifier>
    </Filter>
  </ItemGroup>
  <ItemGroup>
    <ClInclude Include="..\mednafen\types.h">
      <Filter>mednafen</Filter>
    </ClInclude>
    <ClInclude Include="..\msvc\inttypes.h">
      <Filter>msvc</Filter>
    </ClInclude>
    <ClInclude Include="..\msvc\stdint.h">
      <Filter>msvc</Filter>
    </ClInclude>
  </ItemGroup>
</Project>