
Microsoft Visual Studio Solution File, Format Version 12.00
# Visual Studio Version 16
VisualStudioVersion = 16.0.30011.22
MinimumVisualStudioVersion = 10.0.40219.1
Project("{8BC9CEB8-8B4A-11D0-8D11-00A0C91BC942}") = "bizswan", "bizswan.vcxproj", "{F92A3734-EAE1-44D9-B474-FF80AE039790}"
EndProject
Global
	GlobalSection(SolutionConfigurationPlatforms) = preSolution
		Debug|x64 = Debug|x64
		Release|x64 = Release|x64
	EndGlobalSection
	GlobalSection(ProjectConfigurationPlatforms) = postSolution
		{F92A3734-EAE1-44D9-B474-FF80AE039790}.Debug|x64.ActiveCfg = Debug|x64
		{F92A3734-EAE1-44D9-B474-FF80AE039790}.Debug|x64.Build.0 = Debug|x64
		{F92A3734-EAE1-44D9-B474-FF80AE039790}.Release|x64.ActiveCfg = Release|x64
		{F92A3734-EAE1-44D9-B474-FF80AE039790}.Release|x64.Build.0 = Release|x64
	EndGlobalSection
	GlobalSection(SolutionProperties) = preSolution
		HideSolutionNode = FALSE
	EndGlobalSection
	GlobalSection(ExtensibilityGlobals) = postSolution
		SolutionGuid = {38CC6D25-4F7D-4AB8-8EE9-A590AE7ADC68}
	EndGlobalSection
EndGlobal
