Microsoft Visual Studio Solution File, Format Version 12.00
# Visual Studio Version 16
VisualStudioVersion = 16.0.30413.136
MinimumVisualStudioVersion = 10.0.40219.1
Project("{8BC9CEB8-8B4A-11D0-8D11-00A0C91BC942}") = "mupen64plus-core", "..\..\..\mupen64plus-core\projects\msvc11\mupen64plus-core.vcxproj", "{92D3FEB9-2129-41C5-8577-BCD7D961EF41}"
EndProject
Project("{8BC9CEB8-8B4A-11D0-8D11-00A0C91BC942}") = "mupen64plus-video-rice", "..\..\..\mupen64plus-video-rice\projects\msvc11\mupen64plus-video-rice.vcxproj", "{7D4AFF6A-B7D9-4C25-975A-038B8079098E}"
EndProject
Project("{8BC9CEB8-8B4A-11D0-8D11-00A0C91BC942}") = "mupen64plus-video-glide64mk2", "..\..\..\mupen64plus-video-glide64mk2\projects\msvc11\mupen64plus-video-glide64mk2.vcxproj", "{A4D13408-A794-4199-8FC7-4A9A32505005}"
EndProject
Project("{8BC9CEB8-8B4A-11D0-8D11-00A0C91BC942}") = "mupen64plus-audio-bkm", "..\..\..\mupen64plus-audio-bkm\mupen64plus-audio-bkm\mupen64plus-audio-bkm.vcxproj", "{B6F20769-1385-4C0F-91A9-26F47AD1E78F}"
EndProject
Project("{8BC9CEB8-8B4A-11D0-8D11-00A0C91BC942}") = "mupen64plus-input-bkm", "..\..\..\mupen64plus-input-bkm\mupen64plus-input-bkm\mupen64plus-input-bkm.vcxproj", "{3D8BD211-6002-4698-B5C1-A0F3146B6ACF}"
EndProject
Project("{8BC9CEB8-8B4A-11D0-8D11-00A0C91BC942}") = "mupen64plus-video-z64", "..\..\..\mupen64plus-video-z64\projects\msvc11\mupen64plus-video-z64.vcxproj", "{7708C1D2-3303-4F90-BCE8-3BCE4046BFD7}"
EndProject
Project("{8BC9CEB8-8B4A-11D0-8D11-00A0C91BC942}") = "mupen64plus-video-jabo", "..\..\..\mupen64plus-video-jabo\mupen64plus-video-jabo\mupen64plus-video-jabo.vcxproj", "{0C220B26-3D4D-431D-B829-CADE6508A771}"
EndProject
Project("{8BC9CEB8-8B4A-11D0-8D11-00A0C91BC942}") = "mupen64plus-video-glide64", "..\..\..\mupen64plus-video-glide64\projects\msvc10\mupen64plus-video-glide64.vcxproj", "{F3E6138A-C318-4020-B408-A9A24D8B3DE7}"
EndProject
Project("{8BC9CEB8-8B4A-11D0-8D11-00A0C91BC942}") = "D3D8Interceptor", "..\..\..\D3D8Interceptor\D3D8Interceptor\D3D8Interceptor.vcxproj", "{4CC85A3A-8E85-45DB-8941-2E2E18FC9A53}"
EndProject
Project("{8BC9CEB8-8B4A-11D0-8D11-00A0C91BC942}") = "mupen64plus-rsp-hle", "..\..\..\mupen64plus-rsp-hle\projects\VisualStudio2013\mupen64plus-rsp-hle.vcxproj", "{2EC7CEE3-C7A7-4F2E-B2C8-4DF6AFEC3E9A}"
EndProject
Global
	GlobalSection(SolutionConfigurationPlatforms) = preSolution
		Debug|x64 = Debug|x64
		Release|x64 = Release|x64
	EndGlobalSection
	GlobalSection(ProjectConfigurationPlatforms) = postSolution
		{92D3FEB9-2129-41C5-8577-BCD7D961EF41}.Debug|x64.ActiveCfg = Debug|x64
		{92D3FEB9-2129-41C5-8577-BCD7D961EF41}.Debug|x64.Build.0 = Debug|x64
		{92D3FEB9-2129-41C5-8577-BCD7D961EF41}.Release|x64.ActiveCfg = Release|x64
		{92D3FEB9-2129-41C5-8577-BCD7D961EF41}.Release|x64.Build.0 = Release|x64
		{7D4AFF6A-B7D9-4C25-975A-038B8079098E}.Debug|x64.ActiveCfg = Debug|x64
		{7D4AFF6A-B7D9-4C25-975A-038B8079098E}.Debug|x64.Build.0 = Debug|x64
		{7D4AFF6A-B7D9-4C25-975A-038B8079098E}.Release|x64.ActiveCfg = Release|x64
		{7D4AFF6A-B7D9-4C25-975A-038B8079098E}.Release|x64.Build.0 = Release|x64
		{A4D13408-A794-4199-8FC7-4A9A32505005}.Debug|x64.ActiveCfg = Debug|x64
		{A4D13408-A794-4199-8FC7-4A9A32505005}.Debug|x64.Build.0 = Debug|x64
		{A4D13408-A794-4199-8FC7-4A9A32505005}.Release|x64.ActiveCfg = Release|x64
		{A4D13408-A794-4199-8FC7-4A9A32505005}.Release|x64.Build.0 = Release|x64
		{B6F20769-1385-4C0F-91A9-26F47AD1E78F}.Debug|x64.ActiveCfg = Debug|x64
		{B6F20769-1385-4C0F-91A9-26F47AD1E78F}.Debug|x64.Build.0 = Debug|x64
		{B6F20769-1385-4C0F-91A9-26F47AD1E78F}.Release|x64.ActiveCfg = Release|x64
		{B6F20769-1385-4C0F-91A9-26F47AD1E78F}.Release|x64.Build.0 = Release|x64
		{3D8BD211-6002-4698-B5C1-A0F3146B6ACF}.Debug|x64.ActiveCfg = Debug|x64
		{3D8BD211-6002-4698-B5C1-A0F3146B6ACF}.Debug|x64.Build.0 = Debug|x64
		{3D8BD211-6002-4698-B5C1-A0F3146B6ACF}.Release|x64.ActiveCfg = Release|x64
		{3D8BD211-6002-4698-B5C1-A0F3146B6ACF}.Release|x64.Build.0 = Release|x64
		{7708C1D2-3303-4F90-BCE8-3BCE4046BFD7}.Debug|x64.ActiveCfg = Debug|x64
		{7708C1D2-3303-4F90-BCE8-3BCE4046BFD7}.Debug|x64.Build.0 = Debug|x64
		{7708C1D2-3303-4F90-BCE8-3BCE4046BFD7}.Release|x64.ActiveCfg = Release|x64
		{7708C1D2-3303-4F90-BCE8-3BCE4046BFD7}.Release|x64.Build.0 = Release|x64
		{0C220B26-3D4D-431D-B829-CADE6508A771}.Debug|x64.ActiveCfg = Debug|x64
		{0C220B26-3D4D-431D-B829-CADE6508A771}.Debug|x64.Build.0 = Debug|x64
		{0C220B26-3D4D-431D-B829-CADE6508A771}.Release|x64.ActiveCfg = Release|x64
		{0C220B26-3D4D-431D-B829-CADE6508A771}.Release|x64.Build.0 = Release|x64
		{F3E6138A-C318-4020-B408-A9A24D8B3DE7}.Debug|x64.ActiveCfg = Debug|x64
		{F3E6138A-C318-4020-B408-A9A24D8B3DE7}.Debug|x64.Build.0 = Debug|x64
		{F3E6138A-C318-4020-B408-A9A24D8B3DE7}.Release|x64.ActiveCfg = Release|x64
		{F3E6138A-C318-4020-B408-A9A24D8B3DE7}.Release|x64.Build.0 = Release|x64
		{4CC85A3A-8E85-45DB-8941-2E2E18FC9A53}.Debug|x64.ActiveCfg = Debug|Win32
		{4CC85A3A-8E85-45DB-8941-2E2E18FC9A53}.Debug|x64.Build.0 = Debug|Win32
		{4CC85A3A-8E85-45DB-8941-2E2E18FC9A53}.Release|x64.ActiveCfg = Release|x64
		{4CC85A3A-8E85-45DB-8941-2E2E18FC9A53}.Release|x64.Build.0 = Release|x64
		{2EC7CEE3-C7A7-4F2E-B2C8-4DF6AFEC3E9A}.Debug|x64.ActiveCfg = Debug|x64
		{2EC7CEE3-C7A7-4F2E-B2C8-4DF6AFEC3E9A}.Debug|x64.Build.0 = Debug|x64
		{2EC7CEE3-C7A7-4F2E-B2C8-4DF6AFEC3E9A}.Release|x64.ActiveCfg = Release|x64
		{2EC7CEE3-C7A7-4F2E-B2C8-4DF6AFEC3E9A}.Release|x64.Build.0 = Release|x64
	EndGlobalSection
	GlobalSection(SolutionProperties) = preSolution
		HideSolutionNode = FALSE
	EndGlobalSection
	GlobalSection(ExtensibilityGlobals) = postSolution
		SolutionGuid = {03A2A321-BAEF-449F-AAF6-82110842EDB9}
	EndGlobalSection
EndGlobal
