<?xml version="1.0" encoding="utf-8"?>
<Project ToolsVersion="4.0" xmlns="http://schemas.microsoft.com/developer/msbuild/2003">
  <ItemGroup>
    <Filter Include="src">
      <UniqueIdentifier>{fb6eaf64-91ab-4736-b65b-78a01176a309}</UniqueIdentifier>
    </Filter>
    <Filter Include="src\psx">
      <UniqueIdentifier>{f68ea951-d7e0-44da-9a7a-9afe7209d8dc}</UniqueIdentifier>
    </Filter>
    <Filter Include="src\psx\input">
      <UniqueIdentifier>{98786f09-7a2c-41eb-86fc-6f8fe36279df}</UniqueIdentifier>
    </Filter>
    <Filter Include="src\resampler">
      <UniqueIdentifier>{c68eaba4-8ef4-445d-93bf-3225d9494ffc}</UniqueIdentifier>
    </Filter>
    <Filter Include="src\cdrom">
      <UniqueIdentifier>{1612acb8-c4fe-49df-b34e-a0335258e86a}</UniqueIdentifier>
    </Filter>
    <Filter Include="src\video">
      <UniqueIdentifier>{73d71c2e-d2b0-4a11-858c-20ab4bcdc329}</UniqueIdentifier>
    </Filter>
    <Filter Include="src\trio">
      <UniqueIdentifier>{991ef1b3-b823-42b0-9275-9e78656e258a}</UniqueIdentifier>
    </Filter>
    <Filter Include="src\drivers">
      <UniqueIdentifier>{3148db90-e2c5-4e14-89e1-96ae553dfd0d}</UniqueIdentifier>
    </Filter>
    <Filter Include="src\sound">
      <UniqueIdentifier>{5c139355-d298-4dc7-8eaf-4d01f15e4638}</UniqueIdentifier>
    </Filter>
    <Filter Include="src\string">
      <UniqueIdentifier>{026374fb-8a2c-4f3c-8c60-eae8c3382fa2}</UniqueIdentifier>
    </Filter>
    <Filter Include="src\sexyal">
      <UniqueIdentifier>{5b25894d-5a30-4bb3-b747-7285f523a904}</UniqueIdentifier>
    </Filter>
    <Filter Include="src\sexyal\drivers">
      <UniqueIdentifier>{2d6ec477-c745-4d13-9e64-8c0483c2749d}</UniqueIdentifier>
    </Filter>
    <Filter Include="src\desa68">
      <UniqueIdentifier>{f36488fc-db6a-4348-84ad-94128fb86fbf}</UniqueIdentifier>
    </Filter>
    <Filter Include="headless">
      <UniqueIdentifier>{2097105e-a7b2-4499-a0b7-4b486470c6b6}</UniqueIdentifier>
    </Filter>
    <Filter Include="src\drivers\hw_cpu">
      <UniqueIdentifier>{5791d772-b7d9-42dc-966b-5c9ff4ca7683}</UniqueIdentifier>
    </Filter>
    <Filter Include="src\drivers\hw_cpu\c68k">
      <UniqueIdentifier>{91179346-9375-4427-8630-122e086273dd}</UniqueIdentifier>
    </Filter>
    <Filter Include="src\drivers\hw_cpu\z80-fuse">
      <UniqueIdentifier>{a3e7626e-55bc-4387-b374-de3b4c608880}</UniqueIdentifier>
    </Filter>
  </ItemGroup>
  <ItemGroup>
    <ClCompile Include="..\src\debug.cpp">
      <Filter>src</Filter>
    </ClCompile>
    <ClCompile Include="..\src\endian.cpp">
      <Filter>src</Filter>
    </ClCompile>
    <ClCompile Include="..\src\error.cpp">
      <Filter>src</Filter>
    </ClCompile>
    <ClCompile Include="..\src\file.cpp">
      <Filter>src</Filter>
    </ClCompile>
    <ClCompile Include="..\src\FileStream.cpp">
      <Filter>src</Filter>
    </ClCompile>
    <ClCompile Include="..\src\FileWrapper.cpp">
      <Filter>src</Filter>
    </ClCompile>
    <ClCompile Include="..\src\general.cpp">
      <Filter>src</Filter>
    </ClCompile>
    <ClCompile Include="..\src\math_ops.cpp">
      <Filter>src</Filter>
    </ClCompile>
    <ClCompile Include="..\src\md5.cpp">
      <Filter>src</Filter>
    </ClCompile>
    <ClCompile Include="..\src\mednafen.cpp">
      <Filter>src</Filter>
    </ClCompile>
    <ClCompile Include="..\src\memory.cpp">
      <Filter>src</Filter>
    </ClCompile>
    <ClCompile Include="..\src\MemoryStream.cpp">
      <Filter>src</Filter>
    </ClCompile>
    <ClCompile Include="..\src\mempatcher.cpp">
      <Filter>src</Filter>
    </ClCompile>
    <ClCompile Include="..\src\PSFLoader.cpp">
      <Filter>src</Filter>
    </ClCompile>
    <ClCompile Include="..\src\settings.cpp">
      <Filter>src</Filter>
    </ClCompile>
    <ClCompile Include="..\src\state.cpp">
      <Filter>src</Filter>
    </ClCompile>
    <ClCompile Include="..\src\Stream.cpp">
      <Filter>src</Filter>
    </ClCompile>
    <ClCompile Include="..\src\tests.cpp">
      <Filter>src</Filter>
    </ClCompile>
    <ClCompile Include="..\src\psx\cdc.cpp">
      <Filter>src\psx</Filter>
    </ClCompile>
    <ClCompile Include="..\src\psx\cpu.cpp">
      <Filter>src\psx</Filter>
    </ClCompile>
    <ClCompile Include="..\src\psx\debug.cpp">
      <Filter>src\psx</Filter>
    </ClCompile>
    <ClCompile Include="..\src\psx\dis.cpp">
      <Filter>src\psx</Filter>
    </ClCompile>
    <ClCompile Include="..\src\psx\dma.cpp">
      <Filter>src\psx</Filter>
    </ClCompile>
    <ClCompile Include="..\src\psx\frontio.cpp">
      <Filter>src\psx</Filter>
    </ClCompile>
    <ClCompile Include="..\src\psx\gpu.cpp">
      <Filter>src\psx</Filter>
    </ClCompile>
    <ClCompile Include="..\src\psx\gte.cpp">
      <Filter>src\psx</Filter>
    </ClCompile>
    <ClCompile Include="..\src\psx\irq.cpp">
      <Filter>src\psx</Filter>
    </ClCompile>
    <ClCompile Include="..\src\psx\mdec.cpp">
      <Filter>src\psx</Filter>
    </ClCompile>
    <ClCompile Include="..\src\psx\psx.cpp">
      <Filter>src\psx</Filter>
    </ClCompile>
    <ClCompile Include="..\src\psx\sio.cpp">
      <Filter>src\psx</Filter>
    </ClCompile>
    <ClCompile Include="..\src\psx\spu.cpp">
      <Filter>src\psx</Filter>
    </ClCompile>
    <ClCompile Include="..\src\psx\timer.cpp">
      <Filter>src\psx</Filter>
    </ClCompile>
    <ClCompile Include="..\src\psx\input\dualanalog.cpp">
      <Filter>src\psx\input</Filter>
    </ClCompile>
    <ClCompile Include="..\src\psx\input\dualshock.cpp">
      <Filter>src\psx\input</Filter>
    </ClCompile>
    <ClCompile Include="..\src\psx\input\gamepad.cpp">
      <Filter>src\psx\input</Filter>
    </ClCompile>
    <ClCompile Include="..\src\psx\input\guncon.cpp">
      <Filter>src\psx\input</Filter>
    </ClCompile>
    <ClCompile Include="..\src\psx\input\justifier.cpp">
      <Filter>src\psx\input</Filter>
    </ClCompile>
    <ClCompile Include="..\src\psx\input\memcard.cpp">
      <Filter>src\psx\input</Filter>
    </ClCompile>
    <ClCompile Include="..\src\psx\input\mouse.cpp">
      <Filter>src\psx\input</Filter>
    </ClCompile>
    <ClCompile Include="..\src\psx\input\multitap.cpp">
      <Filter>src\psx\input</Filter>
    </ClCompile>
    <ClCompile Include="..\src\psx\input\negcon.cpp">
      <Filter>src\psx\input</Filter>
    </ClCompile>
    <ClCompile Include="..\src\resampler\resample.c">
      <Filter>src\resampler</Filter>
    </ClCompile>
    <ClCompile Include="..\src\cdrom\audioreader.cpp">
      <Filter>src\cdrom</Filter>
    </ClCompile>
    <ClCompile Include="..\src\cdrom\CDAccess.cpp">
      <Filter>src\cdrom</Filter>
    </ClCompile>
    <ClCompile Include="..\src\cdrom\CDAccess_Image.cpp">
      <Filter>src\cdrom</Filter>
    </ClCompile>
    <ClCompile Include="..\src\cdrom\cdromif.cpp">
      <Filter>src\cdrom</Filter>
    </ClCompile>
    <ClCompile Include="..\src\cdrom\CDUtility.cpp">
      <Filter>src\cdrom</Filter>
    </ClCompile>
    <ClCompile Include="..\src\cdrom\crc32.cpp">
      <Filter>src\cdrom</Filter>
    </ClCompile>
    <ClCompile Include="..\src\cdrom\galois.cpp">
      <Filter>src\cdrom</Filter>
    </ClCompile>
    <ClCompile Include="..\src\cdrom\l-ec.cpp">
      <Filter>src\cdrom</Filter>
    </ClCompile>
    <ClCompile Include="..\src\cdrom\lec.cpp">
      <Filter>src\cdrom</Filter>
    </ClCompile>
    <ClCompile Include="..\src\cdrom\recover-raw.cpp">
      <Filter>src\cdrom</Filter>
    </ClCompile>
    <ClCompile Include="..\src\cdrom\SimpleFIFO.cpp">
      <Filter>src\cdrom</Filter>
    </ClCompile>
    <ClCompile Include="..\src\video\Deinterlacer.cpp">
      <Filter>src\video</Filter>
    </ClCompile>
    <ClCompile Include="..\src\video\font-data.cpp">
      <Filter>src\video</Filter>
    </ClCompile>
    <ClCompile Include="..\src\video\png.cpp">
      <Filter>src\video</Filter>
    </ClCompile>
    <ClCompile Include="..\src\video\primitives.cpp">
      <Filter>src\video</Filter>
    </ClCompile>
    <ClCompile Include="..\src\video\resize.cpp">
      <Filter>src\video</Filter>
    </ClCompile>
    <ClCompile Include="..\src\video\selblur.cpp">
      <Filter>src\video</Filter>
    </ClCompile>
    <ClCompile Include="..\src\video\surface.cpp">
      <Filter>src\video</Filter>
    </ClCompile>
    <ClCompile Include="..\src\video\tblur.cpp">
      <Filter>src\video</Filter>
    </ClCompile>
    <ClCompile Include="..\src\video\video.cpp">
      <Filter>src\video</Filter>
    </ClCompile>
    <ClCompile Include="..\src\trio\trio.c">
      <Filter>src\trio</Filter>
    </ClCompile>
    <ClCompile Include="..\src\trio\trionan.c">
      <Filter>src\trio</Filter>
    </ClCompile>
    <ClCompile Include="..\src\trio\triostr.c">
      <Filter>src\trio</Filter>
    </ClCompile>
    <ClCompile Include="..\src\drivers\2xSaI.cpp">
      <Filter>src\drivers</Filter>
    </ClCompile>
    <ClCompile Include="..\src\drivers\args.cpp">
      <Filter>src\drivers</Filter>
    </ClCompile>
    <ClCompile Include="..\src\drivers\debugger.cpp">
      <Filter>src\drivers</Filter>
    </ClCompile>
    <ClCompile Include="..\src\drivers\help.cpp">
      <Filter>src\drivers</Filter>
    </ClCompile>
    <ClCompile Include="..\src\drivers\hq2x.cpp">
      <Filter>src\drivers</Filter>
    </ClCompile>
    <ClCompile Include="..\src\drivers\hq3x.cpp">
      <Filter>src\drivers</Filter>
    </ClCompile>
    <ClCompile Include="..\src\drivers\hq4x.cpp">
      <Filter>src\drivers</Filter>
    </ClCompile>
    <ClCompile Include="..\src\drivers\nnx.cpp">
      <Filter>src\drivers</Filter>
    </ClCompile>
    <ClCompile Include="..\src\drivers\nongl.cpp">
      <Filter>src\drivers</Filter>
    </ClCompile>
    <ClCompile Include="..\src\drivers\remote.cpp">
      <Filter>src\drivers</Filter>
    </ClCompile>
    <ClCompile Include="..\src\drivers\scale2x.c">
      <Filter>src\drivers</Filter>
    </ClCompile>
    <ClCompile Include="..\src\drivers\scale3x.c">
      <Filter>src\drivers</Filter>
    </ClCompile>
    <ClCompile Include="..\src\drivers\scalebit.c">
      <Filter>src\drivers</Filter>
    </ClCompile>
    <ClCompile Include="..\src\drivers\sound.cpp">
      <Filter>src\drivers</Filter>
    </ClCompile>
    <ClCompile Include="..\src\sound\Blip_Buffer.cpp">
      <Filter>src\sound</Filter>
    </ClCompile>
    <ClCompile Include="..\src\sound\Fir_Resampler.cpp">
      <Filter>src\sound</Filter>
    </ClCompile>
    <ClCompile Include="..\src\sound\sound.cpp">
      <Filter>src\sound</Filter>
    </ClCompile>
    <ClCompile Include="..\src\sound\Stereo_Buffer.cpp">
      <Filter>src\sound</Filter>
    </ClCompile>
    <ClCompile Include="..\src\sound\WAVRecord.cpp">
      <Filter>src\sound</Filter>
    </ClCompile>
    <ClCompile Include="..\src\string\ConvertUTF.cpp">
      <Filter>src\string</Filter>
    </ClCompile>
    <ClCompile Include="..\src\string\escape.cpp">
      <Filter>src\string</Filter>
    </ClCompile>
    <ClCompile Include="..\src\sexyal\convert.cpp">
      <Filter>src\sexyal</Filter>
    </ClCompile>
    <ClCompile Include="..\src\sexyal\sexyal.cpp">
      <Filter>src\sexyal</Filter>
    </ClCompile>
    <ClCompile Include="..\src\sexyal\drivers\dummy.cpp">
      <Filter>src\sexyal\drivers</Filter>
    </ClCompile>
    <ClCompile Include="..\src\hw_cpu\c68k\c68k.cpp">
      <Filter>src\drivers\hw_cpu\c68k</Filter>
    </ClCompile>
    <ClCompile Include="..\src\hw_cpu\c68k\c68kexec.cpp">
      <Filter>src\drivers\hw_cpu\c68k</Filter>
    </ClCompile>
    <ClCompile Include="..\src\hw_cpu\z80-fuse\z80.cpp">
      <Filter>src\drivers\hw_cpu\z80-fuse</Filter>
    </ClCompile>
    <ClCompile Include="..\src\hw_cpu\z80-fuse\z80_ops.cpp">
      <Filter>src\drivers\hw_cpu\z80-fuse</Filter>
    </ClCompile>
    <ClCompile Include="..\src\desa68\desa68.c">
      <Filter>src\desa68</Filter>
    </ClCompile>
    <ClCompile Include="..\src\drivers\joystick.cpp">
      <Filter>src\drivers</Filter>
    </ClCompile>
    <ClCompile Include="libmednahawk.cpp" />
    <ClCompile Include="..\headless\headless.cpp">
      <Filter>headless</Filter>
    </ClCompile>
    <ClCompile Include="..\src\player.cpp">
      <Filter>src</Filter>
    </ClCompile>
    <ClCompile Include="..\src\video\text.cpp">
      <Filter>src\video</Filter>
    </ClCompile>
    <ClCompile Include="..\src\drivers\logdebugger.cpp">
      <Filter>src\drivers</Filter>
    </ClCompile>
    <ClCompile Include="..\src\drivers\prompt.cpp">
      <Filter>src\drivers</Filter>
    </ClCompile>
    <ClCompile Include="..\src\drivers\gfxdebugger.cpp">
      <Filter>src\drivers</Filter>
    </ClCompile>
  </ItemGroup>
  <ItemGroup>
    <ClInclude Include="..\src\debug.h">
      <Filter>src</Filter>
    </ClInclude>
    <ClInclude Include="..\src\mednafen-endian.h">
      <Filter>src</Filter>
    </ClInclude>
    <ClInclude Include="..\src\error.h">
      <Filter>src</Filter>
    </ClInclude>
    <ClInclude Include="..\src\file.h">
      <Filter>src</Filter>
    </ClInclude>
    <ClInclude Include="..\src\FileStream.h">
      <Filter>src</Filter>
    </ClInclude>
    <ClInclude Include="..\src\FileWrapper.h">
      <Filter>src</Filter>
    </ClInclude>
    <ClInclude Include="..\src\general.h">
      <Filter>src</Filter>
    </ClInclude>
    <ClInclude Include="..\src\math_ops.h">
      <Filter>src</Filter>
    </ClInclude>
    <ClInclude Include="..\src\md5.h">
      <Filter>src</Filter>
    </ClInclude>
    <ClInclude Include="..\src\mednafen.h">
      <Filter>src</Filter>
    </ClInclude>
    <ClInclude Include="..\src\mednafen-memory.h">
      <Filter>src</Filter>
    </ClInclude>
    <ClInclude Include="..\src\MemoryStream.h">
      <Filter>src</Filter>
    </ClInclude>
    <ClInclude Include="..\src\mempatcher-driver.h">
      <Filter>src</Filter>
    </ClInclude>
    <ClInclude Include="..\src\mempatcher.h">
      <Filter>src</Filter>
    </ClInclude>
    <ClInclude Include="..\src\PSFLoader.h">
      <Filter>src</Filter>
    </ClInclude>
    <ClInclude Include="..\src\settings-common.h">
      <Filter>src</Filter>
    </ClInclude>
    <ClInclude Include="..\src\settings-driver.h">
      <Filter>src</Filter>
    </ClInclude>
    <ClInclude Include="..\src\settings.h">
      <Filter>src</Filter>
    </ClInclude>
    <ClInclude Include="..\src\state-common.h">
      <Filter>src</Filter>
    </ClInclude>
    <ClInclude Include="..\src\state-driver.h">
      <Filter>src</Filter>
    </ClInclude>
    <ClInclude Include="..\src\state.h">
      <Filter>src</Filter>
    </ClInclude>
    <ClInclude Include="..\src\Stream.h">
      <Filter>src</Filter>
    </ClInclude>
    <ClInclude Include="..\src\tests.h">
      <Filter>src</Filter>
    </ClInclude>
    <ClInclude Include="..\src\video-driver.h">
      <Filter>src</Filter>
    </ClInclude>
    <ClInclude Include="..\src\video.h">
      <Filter>src</Filter>
    </ClInclude>
    <ClInclude Include="..\src\psx\cdc.h">
      <Filter>src\psx</Filter>
    </ClInclude>
    <ClInclude Include="..\src\psx\cpu.h">
      <Filter>src\psx</Filter>
    </ClInclude>
    <ClInclude Include="..\src\psx\debug.h">
      <Filter>src\psx</Filter>
    </ClInclude>
    <ClInclude Include="..\src\psx\dis.h">
      <Filter>src\psx</Filter>
    </ClInclude>
    <ClInclude Include="..\src\psx\dma.h">
      <Filter>src\psx</Filter>
    </ClInclude>
    <ClInclude Include="..\src\psx\frontio.h">
      <Filter>src\psx</Filter>
    </ClInclude>
    <ClInclude Include="..\src\psx\gpu.h">
      <Filter>src\psx</Filter>
    </ClInclude>
    <ClInclude Include="..\src\psx\gte.h">
      <Filter>src\psx</Filter>
    </ClInclude>
    <ClInclude Include="..\src\psx\irq.h">
      <Filter>src\psx</Filter>
    </ClInclude>
    <ClInclude Include="..\src\psx\mdec.h">
      <Filter>src\psx</Filter>
    </ClInclude>
    <ClInclude Include="..\src\psx\psx.h">
      <Filter>src\psx</Filter>
    </ClInclude>
    <ClInclude Include="..\src\psx\sio.h">
      <Filter>src\psx</Filter>
    </ClInclude>
    <ClInclude Include="..\src\psx\spu.h">
      <Filter>src\psx</Filter>
    </ClInclude>
    <ClInclude Include="..\src\psx\timer.h">
      <Filter>src\psx</Filter>
    </ClInclude>
    <ClInclude Include="..\src\psx\input\dualanalog.h">
      <Filter>src\psx\input</Filter>
    </ClInclude>
    <ClInclude Include="..\src\psx\input\dualshock.h">
      <Filter>src\psx\input</Filter>
    </ClInclude>
    <ClInclude Include="..\src\psx\input\gamepad.h">
      <Filter>src\psx\input</Filter>
    </ClInclude>
    <ClInclude Include="..\src\psx\input\guncon.h">
      <Filter>src\psx\input</Filter>
    </ClInclude>
    <ClInclude Include="..\src\psx\input\justifier.h">
      <Filter>src\psx\input</Filter>
    </ClInclude>
    <ClInclude Include="..\src\psx\input\memcard.h">
      <Filter>src\psx\input</Filter>
    </ClInclude>
    <ClInclude Include="..\src\psx\input\mouse.h">
      <Filter>src\psx\input</Filter>
    </ClInclude>
    <ClInclude Include="..\src\psx\input\multitap.h">
      <Filter>src\psx\input</Filter>
    </ClInclude>
    <ClInclude Include="..\src\psx\input\negcon.h">
      <Filter>src\psx\input</Filter>
    </ClInclude>
    <ClInclude Include="..\src\resampler\arch.h">
      <Filter>src\resampler</Filter>
    </ClInclude>
    <ClInclude Include="..\src\resampler\fixed_generic.h">
      <Filter>src\resampler</Filter>
    </ClInclude>
    <ClInclude Include="..\src\resampler\resample_sse.h">
      <Filter>src\resampler</Filter>
    </ClInclude>
    <ClInclude Include="..\src\resampler\resampler.h">
      <Filter>src\resampler</Filter>
    </ClInclude>
    <ClInclude Include="..\src\resampler\stack_alloc.h">
      <Filter>src\resampler</Filter>
    </ClInclude>
    <ClInclude Include="..\src\cdrom\audioreader.h">
      <Filter>src\cdrom</Filter>
    </ClInclude>
    <ClInclude Include="..\src\cdrom\CDAccess.h">
      <Filter>src\cdrom</Filter>
    </ClInclude>
    <ClInclude Include="..\src\cdrom\CDAccess_Image.h">
      <Filter>src\cdrom</Filter>
    </ClInclude>
    <ClInclude Include="..\src\cdrom\cdromif.h">
      <Filter>src\cdrom</Filter>
    </ClInclude>
    <ClInclude Include="..\src\cdrom\CDUtility.h">
      <Filter>src\cdrom</Filter>
    </ClInclude>
    <ClInclude Include="..\src\cdrom\galois-inlines.h">
      <Filter>src\cdrom</Filter>
    </ClInclude>
    <ClInclude Include="..\src\cdrom\SimpleFIFO.h">
      <Filter>src\cdrom</Filter>
    </ClInclude>
    <ClInclude Include="..\src\video\Deinterlacer.h">
      <Filter>src\video</Filter>
    </ClInclude>
    <ClInclude Include="..\src\video\font-data.h">
      <Filter>src\video</Filter>
    </ClInclude>
    <ClInclude Include="..\src\video\png.h">
      <Filter>src\video</Filter>
    </ClInclude>
    <ClInclude Include="..\src\video\primitives.h">
      <Filter>src\video</Filter>
    </ClInclude>
    <ClInclude Include="..\src\video\resize.h">
      <Filter>src\video</Filter>
    </ClInclude>
    <ClInclude Include="..\src\video\selblur.h">
      <Filter>src\video</Filter>
    </ClInclude>
    <ClInclude Include="..\src\video\surface.h">
      <Filter>src\video</Filter>
    </ClInclude>
    <ClInclude Include="..\src\video\tblur.h">
      <Filter>src\video</Filter>
    </ClInclude>
    <ClInclude Include="..\src\video\video-common.h">
      <Filter>src\video</Filter>
    </ClInclude>
    <ClInclude Include="..\src\drivers\2xSaI.h">
      <Filter>src\drivers</Filter>
    </ClInclude>
    <ClInclude Include="..\src\drivers\args.h">
      <Filter>src\drivers</Filter>
    </ClInclude>
    <ClInclude Include="..\src\drivers\debugger.h">
      <Filter>src\drivers</Filter>
    </ClInclude>
    <ClInclude Include="..\src\drivers\help.h">
      <Filter>src\drivers</Filter>
    </ClInclude>
    <ClInclude Include="..\src\drivers\input-default-buttons.h">
      <Filter>src\drivers</Filter>
    </ClInclude>
    <ClInclude Include="..\src\drivers\nnx.h">
      <Filter>src\drivers</Filter>
    </ClInclude>
    <ClInclude Include="..\src\drivers\nongl.h">
      <Filter>src\drivers</Filter>
    </ClInclude>
    <ClInclude Include="..\src\drivers\scale2x.h">
      <Filter>src\drivers</Filter>
    </ClInclude>
    <ClInclude Include="..\src\drivers\scale3x.h">
      <Filter>src\drivers</Filter>
    </ClInclude>
    <ClInclude Include="..\src\drivers\scalebit.h">
      <Filter>src\drivers</Filter>
    </ClInclude>
    <ClInclude Include="..\src\drivers\sound.h">
      <Filter>src\drivers</Filter>
    </ClInclude>
    <ClInclude Include="..\src\sound\WAVRecord.h">
      <Filter>src\sound</Filter>
    </ClInclude>
    <ClInclude Include="..\src\string\ConvertUTF.h">
      <Filter>src\string</Filter>
    </ClInclude>
    <ClInclude Include="..\src\string\escape.h">
      <Filter>src\string</Filter>
    </ClInclude>
    <ClInclude Include="..\src\sexyal\convert.h">
      <Filter>src\sexyal</Filter>
    </ClInclude>
    <ClInclude Include="..\src\sexyal\sexyal.h">
      <Filter>src\sexyal</Filter>
    </ClInclude>
    <ClInclude Include="..\src\hw_cpu\c68k\c68k.h">
      <Filter>src\drivers\hw_cpu\c68k</Filter>
    </ClInclude>
    <ClInclude Include="..\src\hw_cpu\z80-fuse\z80.h">
      <Filter>src\drivers\hw_cpu\z80-fuse</Filter>
    </ClInclude>
    <ClInclude Include="..\src\desa68\desa68.h">
      <Filter>src\desa68</Filter>
    </ClInclude>
    <ClInclude Include="config.h" />
    <ClInclude Include="inttypes.h" />
    <ClInclude Include="..\src\drivers\joystick.h">
      <Filter>src\drivers</Filter>
    </ClInclude>
    <ClInclude Include="..\headless\headless.h">
      <Filter>headless</Filter>
    </ClInclude>
    <ClInclude Include="..\src\player.h">
      <Filter>src</Filter>
    </ClInclude>
    <ClInclude Include="..\src\video\text.h">
      <Filter>src\video</Filter>
    </ClInclude>
    <ClInclude Include="..\src\drivers\logdebugger.h">
      <Filter>src\drivers</Filter>
    </ClInclude>
    <ClInclude Include="..\src\drivers\prompt.h">
      <Filter>src\drivers</Filter>
    </ClInclude>
    <ClInclude Include="..\src\drivers\gfxdebugger.h">
      <Filter>src\drivers</Filter>
    </ClInclude>
    <ClInclude Include="..\src\mednafen-driver.h">
      <Filter>src</Filter>
    </ClInclude>
    <ClInclude Include="..\src\mednafen-types.h">
      <Filter>src</Filter>
    </ClInclude>
  </ItemGroup>
  <ItemGroup>
    <None Include="..\src\psx\gpu_command_table.inc">
      <Filter>src\psx</Filter>
    </None>
    <None Include="..\src\psx\gpu_sprite.inc">
      <Filter>src\psx</Filter>
    </None>
    <None Include="..\src\psx\gpu_line.inc">
      <Filter>src\psx</Filter>
    </None>
    <None Include="..\src\psx\gpu_polygon.inc">
      <Filter>src\psx</Filter>
    </None>
  </ItemGroup>
</Project>