
Microsoft Visual Studio Solution File, Format Version 12.00
# Visual Studio 14
VisualStudioVersion = 14.0.25420.1
MinimumVisualStudioVersion = 10.0.40219.1
Project("{8BC9CEB8-8B4A-11D0-8D11-00A0C91BC942}") = "lua51", "Lua\src\lua514.vcxproj", "{0A82CC4C-9A27-461C-8DB0-A65AC6393748}"
EndProject
Project("{FAE04EC0-301F-11D3-BF4B-00C04F79EFBC}") = "LuaInterface", "LuaInterface\LuaInterface.csproj", "{F55CABBB-4108-4A39-94E1-581FD46DC021}"
EndProject
Global
	GlobalSection(SolutionConfigurationPlatforms) = preSolution
		Debug|x64 = Debug|x64
		Debug|x86 = Debug|x86
		Release|x64 = Release|x64
		Release|x86 = Release|x86
		Release-LUAPERKS|x64 = Release-LUAPERKS|x64
		Release-LUAPERKS|x86 = Release-LUAPERKS|x86
	EndGlobalSection
	GlobalSection(ProjectConfigurationPlatforms) = postSolution
		{0A82CC4C-9A27-461C-8DB0-A65AC6393748}.Debug|x64.ActiveCfg = Debug|x64
		{0A82CC4C-9A27-461C-8DB0-A65AC6393748}.Debug|x64.Build.0 = Debug|x64
		{0A82CC4C-9A27-461C-8DB0-A65AC6393748}.Debug|x86.ActiveCfg = Debug|Win32
		{0A82CC4C-9A27-461C-8DB0-A65AC6393748}.Debug|x86.Build.0 = Debug|Win32
		{0A82CC4C-9A27-461C-8DB0-A65AC6393748}.Release|x64.ActiveCfg = Release|x64
		{0A82CC4C-9A27-461C-8DB0-A65AC6393748}.Release|x64.Build.0 = Release|x64
		{0A82CC4C-9A27-461C-8DB0-A65AC6393748}.Release|x86.ActiveCfg = Release|Win32
		{0A82CC4C-9A27-461C-8DB0-A65AC6393748}.Release|x86.Build.0 = Release|Win32
		{0A82CC4C-9A27-461C-8DB0-A65AC6393748}.Release-LUAPERKS|x64.ActiveCfg = Release-LUAPERKS|x64
		{0A82CC4C-9A27-461C-8DB0-A65AC6393748}.Release-LUAPERKS|x64.Build.0 = Release-LUAPERKS|x64
		{0A82CC4C-9A27-461C-8DB0-A65AC6393748}.Release-LUAPERKS|x86.ActiveCfg = Release-LUAPERKS|Win32
		{0A82CC4C-9A27-461C-8DB0-A65AC6393748}.Release-LUAPERKS|x86.Build.0 = Release-LUAPERKS|Win32
		{F55CABBB-4108-4A39-94E1-581FD46DC021}.Debug|x64.ActiveCfg = Debug|x64
		{F55CABBB-4108-4A39-94E1-581FD46DC021}.Debug|x64.Build.0 = Debug|x64
		{F55CABBB-4108-4A39-94E1-581FD46DC021}.Debug|x86.ActiveCfg = Debug|x86
		{F55CABBB-4108-4A39-94E1-581FD46DC021}.Debug|x86.Build.0 = Debug|x86
		{F55CABBB-4108-4A39-94E1-581FD46DC021}.Release|x64.ActiveCfg = Release|x64
		{F55CABBB-4108-4A39-94E1-581FD46DC021}.Release|x64.Build.0 = Release|x64
		{F55CABBB-4108-4A39-94E1-581FD46DC021}.Release|x86.ActiveCfg = Release|x86
		{F55CABBB-4108-4A39-94E1-581FD46DC021}.Release|x86.Build.0 = Release|x86
		{F55CABBB-4108-4A39-94E1-581FD46DC021}.Release-LUAPERKS|x64.ActiveCfg = Release-LUAPERKS|x64
		{F55CABBB-4108-4A39-94E1-581FD46DC021}.Release-LUAPERKS|x64.Build.0 = Release-LUAPERKS|x64
		{F55CABBB-4108-4A39-94E1-581FD46DC021}.Release-LUAPERKS|x86.ActiveCfg = Release-LUAPERKS|x86
		{F55CABBB-4108-4A39-94E1-581FD46DC021}.Release-LUAPERKS|x86.Build.0 = Release-LUAPERKS|x86
	EndGlobalSection
	GlobalSection(SolutionProperties) = preSolution
		HideSolutionNode = FALSE
	EndGlobalSection
EndGlobal
